
Microsoft Visual Studio Solution File, Format Version 12.00
# Visual Studio Version 16
VisualStudioVersion = 25.0.1700.0
MinimumVisualStudioVersion = 10.0.40219.1
Project("{FAE04EC0-301F-11D3-BF4B-00C04F79EFBC}") = "FrontEnd", "FrontEnd.csproj", "{BB5318B1-9A18-47D3-9F48-8DEE535D64A5}"
EndProject
Global
	GlobalSection(SolutionConfigurationPlatforms) = preSolution
		Debug|Any CPU = Debug|Any CPU
		Release|Any CPU = Release|Any CPU
	EndGlobalSection
	GlobalSection(ProjectConfigurationPlatforms) = postSolution
		{BB5318B1-9A18-47D3-9F48-8DEE535D64A5}.Debug|Any CPU.ActiveCfg = Debug|Any CPU
		{BB5318B1-9A18-47D3-9F48-8DEE535D64A5}.Debug|Any CPU.Build.0 = Debug|Any CPU
		{BB5318B1-9A18-47D3-9F48-8DEE535D64A5}.Release|Any CPU.ActiveCfg = Release|Any CPU
		{BB5318B1-9A18-47D3-9F48-8DEE535D64A5}.Release|Any CPU.Build.0 = Release|Any CPU
	EndGlobalSection
	GlobalSection(SolutionProperties) = preSolution
		HideSolutionNode = FALSE
	EndGlobalSection
	GlobalSection(ExtensibilityGlobals) = postSolution
		SolutionGuid = {DC795C43-F6EC-469A-B5F9-2F7CC24F1F33}
	EndGlobalSection
EndGlobal
